// !$*UTF8*$!
{
	archiveVersion = 1;
	classes = {
	};
	objectVersion = 50;
	objects = {

/* Begin PBXBuildFile section */
		753B2998234F83A300C371F0 /* AppDelegate.swift in Sources */ = {isa = PBXBuildFile; fileRef = 753B2997234F83A300C371F0 /* AppDelegate.swift */; };
		753B299A234F83A300C371F0 /* SceneDelegate.swift in Sources */ = {isa = PBXBuildFile; fileRef = 753B2999234F83A300C371F0 /* SceneDelegate.swift */; };
		753B299C234F83A300C371F0 /* ViewController.swift in Sources */ = {isa = PBXBuildFile; fileRef = 753B299B234F83A300C371F0 /* ViewController.swift */; };
		753B299F234F83A300C371F0 /* Main.storyboard in Resources */ = {isa = PBXBuildFile; fileRef = 753B299D234F83A300C371F0 /* Main.storyboard */; };
		753B29A1234F83A400C371F0 /* Assets.xcassets in Resources */ = {isa = PBXBuildFile; fileRef = 753B29A0234F83A400C371F0 /* Assets.xcassets */; };
		753B29A4234F83A400C371F0 /* LaunchScreen.storyboard in Resources */ = {isa = PBXBuildFile; fileRef = 753B29A2234F83A400C371F0 /* LaunchScreen.storyboard */; };
		75E57505234F88B7005BF109 /* ListOrdersPresenter.swift in Sources */ = {isa = PBXBuildFile; fileRef = 75E574FF234F88B7005BF109 /* ListOrdersPresenter.swift */; };
		75E57506234F88B7005BF109 /* ListOrdersPresenter.swift in Sources */ = {isa = PBXBuildFile; fileRef = 75E574FF234F88B7005BF109 /* ListOrdersPresenter.swift */; };
		75E57507234F88B7005BF109 /* ListOrdersPresenter.swift in Sources */ = {isa = PBXBuildFile; fileRef = 75E574FF234F88B7005BF109 /* ListOrdersPresenter.swift */; };
		75E57508234F88B7005BF109 /* ListOrdersWorker.swift in Sources */ = {isa = PBXBuildFile; fileRef = 75E57500234F88B7005BF109 /* ListOrdersWorker.swift */; };
		75E57509234F88B7005BF109 /* ListOrdersWorker.swift in Sources */ = {isa = PBXBuildFile; fileRef = 75E57500234F88B7005BF109 /* ListOrdersWorker.swift */; };
		75E5750A234F88B7005BF109 /* ListOrdersWorker.swift in Sources */ = {isa = PBXBuildFile; fileRef = 75E57500234F88B7005BF109 /* ListOrdersWorker.swift */; };
		75E5750B234F88B7005BF109 /* ListOrdersRouter.swift in Sources */ = {isa = PBXBuildFile; fileRef = 75E57501234F88B7005BF109 /* ListOrdersRouter.swift */; };
		75E5750C234F88B7005BF109 /* ListOrdersRouter.swift in Sources */ = {isa = PBXBuildFile; fileRef = 75E57501234F88B7005BF109 /* ListOrdersRouter.swift */; };
		75E5750D234F88B7005BF109 /* ListOrdersRouter.swift in Sources */ = {isa = PBXBuildFile; fileRef = 75E57501234F88B7005BF109 /* ListOrdersRouter.swift */; };
		75E5750E234F88B7005BF109 /* ListOrdersModels.swift in Sources */ = {isa = PBXBuildFile; fileRef = 75E57502234F88B7005BF109 /* ListOrdersModels.swift */; };
		75E5750F234F88B7005BF109 /* ListOrdersModels.swift in Sources */ = {isa = PBXBuildFile; fileRef = 75E57502234F88B7005BF109 /* ListOrdersModels.swift */; };
		75E57510234F88B7005BF109 /* ListOrdersModels.swift in Sources */ = {isa = PBXBuildFile; fileRef = 75E57502234F88B7005BF109 /* ListOrdersModels.swift */; };
		75E57511234F88B7005BF109 /* ListOrdersViewController.swift in Sources */ = {isa = PBXBuildFile; fileRef = 75E57503234F88B7005BF109 /* ListOrdersViewController.swift */; };
		75E57512234F88B7005BF109 /* ListOrdersViewController.swift in Sources */ = {isa = PBXBuildFile; fileRef = 75E57503234F88B7005BF109 /* ListOrdersViewController.swift */; };
		75E57513234F88B7005BF109 /* ListOrdersViewController.swift in Sources */ = {isa = PBXBuildFile; fileRef = 75E57503234F88B7005BF109 /* ListOrdersViewController.swift */; };
		75E57514234F88B7005BF109 /* ListOrdersInteractor.swift in Sources */ = {isa = PBXBuildFile; fileRef = 75E57504234F88B7005BF109 /* ListOrdersInteractor.swift */; };
		75E57515234F88B7005BF109 /* ListOrdersInteractor.swift in Sources */ = {isa = PBXBuildFile; fileRef = 75E57504234F88B7005BF109 /* ListOrdersInteractor.swift */; };
		75E57516234F88B7005BF109 /* ListOrdersInteractor.swift in Sources */ = {isa = PBXBuildFile; fileRef = 75E57504234F88B7005BF109 /* ListOrdersInteractor.swift */; };
		75E92D1E2350BC5F0093A2EA /* Product.swift in Sources */ = {isa = PBXBuildFile; fileRef = 75E92D1D2350BC5E0093A2EA /* Product.swift */; };
		75E92D1F2350BC5F0093A2EA /* Product.swift in Sources */ = {isa = PBXBuildFile; fileRef = 75E92D1D2350BC5E0093A2EA /* Product.swift */; };
		75E92D202350BC5F0093A2EA /* Product.swift in Sources */ = {isa = PBXBuildFile; fileRef = 75E92D1D2350BC5E0093A2EA /* Product.swift */; };
		75E92D232350D22F0093A2EA /* ProductTableViewCell.swift in Sources */ = {isa = PBXBuildFile; fileRef = 75E92D222350D22F0093A2EA /* ProductTableViewCell.swift */; };
		75E92D242350D22F0093A2EA /* ProductTableViewCell.swift in Sources */ = {isa = PBXBuildFile; fileRef = 75E92D222350D22F0093A2EA /* ProductTableViewCell.swift */; };
		75E92D252350D22F0093A2EA /* ProductTableViewCell.swift in Sources */ = {isa = PBXBuildFile; fileRef = 75E92D222350D22F0093A2EA /* ProductTableViewCell.swift */; };
/* End PBXBuildFile section */

/* Begin PBXContainerItemProxy section */
		753B29AB234F83A400C371F0 /* PBXContainerItemProxy */ = {
			isa = PBXContainerItemProxy;
			containerPortal = 753B298C234F83A300C371F0 /* Project object */;
			proxyType = 1;
			remoteGlobalIDString = 753B2993234F83A300C371F0;
			remoteInfo = CleanAppOldUI;
		};
		753B29B6234F83A400C371F0 /* PBXContainerItemProxy */ = {
			isa = PBXContainerItemProxy;
			containerPortal = 753B298C234F83A300C371F0 /* Project object */;
			proxyType = 1;
			remoteGlobalIDString = 753B2993234F83A300C371F0;
			remoteInfo = CleanAppOldUI;
		};
/* End PBXContainerItemProxy section */

/* Begin PBXFileReference section */
		753B2994234F83A300C371F0 /* CleanAppOldUI.app */ = {isa = PBXFileReference; explicitFileType = wrapper.application; includeInIndex = 0; path = CleanAppOldUI.app; sourceTree = BUILT_PRODUCTS_DIR; };
		753B2997234F83A300C371F0 /* AppDelegate.swift */ = {isa = PBXFileReference; lastKnownFileType = sourcecode.swift; path = AppDelegate.swift; sourceTree = "<group>"; };
		753B2999234F83A300C371F0 /* SceneDelegate.swift */ = {isa = PBXFileReference; lastKnownFileType = sourcecode.swift; path = SceneDelegate.swift; sourceTree = "<group>"; };
		753B299B234F83A300C371F0 /* ViewController.swift */ = {isa = PBXFileReference; lastKnownFileType = sourcecode.swift; path = ViewController.swift; sourceTree = "<group>"; };
		753B299E234F83A300C371F0 /* Base */ = {isa = PBXFileReference; lastKnownFileType = file.storyboard; name = Base; path = Base.lproj/Main.storyboard; sourceTree = "<group>"; };
		753B29A0234F83A400C371F0 /* Assets.xcassets */ = {isa = PBXFileReference; lastKnownFileType = folder.assetcatalog; path = Assets.xcassets; sourceTree = "<group>"; };
		753B29A3234F83A400C371F0 /* Base */ = {isa = PBXFileReference; lastKnownFileType = file.storyboard; name = Base; path = Base.lproj/LaunchScreen.storyboard; sourceTree = "<group>"; };
		753B29A5234F83A400C371F0 /* Info.plist */ = {isa = PBXFileReference; lastKnownFileType = text.plist.xml; path = Info.plist; sourceTree = "<group>"; };
		753B29AA234F83A400C371F0 /* CleanAppOldUITests.xctest */ = {isa = PBXFileReference; explicitFileType = wrapper.cfbundle; includeInIndex = 0; path = CleanAppOldUITests.xctest; sourceTree = BUILT_PRODUCTS_DIR; };
		753B29B0234F83A400C371F0 /* Info.plist */ = {isa = PBXFileReference; lastKnownFileType = text.plist.xml; path = Info.plist; sourceTree = "<group>"; };
		753B29B5234F83A400C371F0 /* CleanAppOldUIUITests.xctest */ = {isa = PBXFileReference; explicitFileType = wrapper.cfbundle; includeInIndex = 0; path = CleanAppOldUIUITests.xctest; sourceTree = BUILT_PRODUCTS_DIR; };
		753B29BB234F83A500C371F0 /* Info.plist */ = {isa = PBXFileReference; lastKnownFileType = text.plist.xml; path = Info.plist; sourceTree = "<group>"; };
		75E574FF234F88B7005BF109 /* ListOrdersPresenter.swift */ = {isa = PBXFileReference; lastKnownFileType = sourcecode.swift; path = ListOrdersPresenter.swift; sourceTree = "<group>"; };
		75E57500234F88B7005BF109 /* ListOrdersWorker.swift */ = {isa = PBXFileReference; lastKnownFileType = sourcecode.swift; path = ListOrdersWorker.swift; sourceTree = "<group>"; };
		75E57501234F88B7005BF109 /* ListOrdersRouter.swift */ = {isa = PBXFileReference; lastKnownFileType = sourcecode.swift; path = ListOrdersRouter.swift; sourceTree = "<group>"; };
		75E57502234F88B7005BF109 /* ListOrdersModels.swift */ = {isa = PBXFileReference; lastKnownFileType = sourcecode.swift; path = ListOrdersModels.swift; sourceTree = "<group>"; };
		75E57503234F88B7005BF109 /* ListOrdersViewController.swift */ = {isa = PBXFileReference; lastKnownFileType = sourcecode.swift; path = ListOrdersViewController.swift; sourceTree = "<group>"; };
		75E57504234F88B7005BF109 /* ListOrdersInteractor.swift */ = {isa = PBXFileReference; lastKnownFileType = sourcecode.swift; path = ListOrdersInteractor.swift; sourceTree = "<group>"; };
		75E92D1D2350BC5E0093A2EA /* Product.swift */ = {isa = PBXFileReference; lastKnownFileType = sourcecode.swift; path = Product.swift; sourceTree = "<group>"; };
		75E92D222350D22F0093A2EA /* ProductTableViewCell.swift */ = {isa = PBXFileReference; lastKnownFileType = sourcecode.swift; path = ProductTableViewCell.swift; sourceTree = "<group>"; };
/* End PBXFileReference section */

/* Begin PBXFrameworksBuildPhase section */
		753B2991234F83A300C371F0 /* Frameworks */ = {
			isa = PBXFrameworksBuildPhase;
			buildActionMask = 2147483647;
			files = (
			);
			runOnlyForDeploymentPostprocessing = 0;
		};
		753B29A7234F83A400C371F0 /* Frameworks */ = {
			isa = PBXFrameworksBuildPhase;
			buildActionMask = 2147483647;
			files = (
			);
			runOnlyForDeploymentPostprocessing = 0;
		};
		753B29B2234F83A400C371F0 /* Frameworks */ = {
			isa = PBXFrameworksBuildPhase;
			buildActionMask = 2147483647;
			files = (
			);
			runOnlyForDeploymentPostprocessing = 0;
		};
/* End PBXFrameworksBuildPhase section */

/* Begin PBXGroup section */
		753B298B234F83A300C371F0 = {
			isa = PBXGroup;
			children = (
				753B2996234F83A300C371F0 /* CleanAppOldUI */,
				753B29AD234F83A400C371F0 /* CleanAppOldUITests */,
				753B29B8234F83A400C371F0 /* CleanAppOldUIUITests */,
				753B2995234F83A300C371F0 /* Products */,
			);
			sourceTree = "<group>";
		};
		753B2995234F83A300C371F0 /* Products */ = {
			isa = PBXGroup;
			children = (
				753B2994234F83A300C371F0 /* CleanAppOldUI.app */,
				753B29AA234F83A400C371F0 /* CleanAppOldUITests.xctest */,
				753B29B5234F83A400C371F0 /* CleanAppOldUIUITests.xctest */,
			);
			name = Products;
			sourceTree = "<group>";
		};
		753B2996234F83A300C371F0 /* CleanAppOldUI */ = {
			isa = PBXGroup;
			children = (
				75E92D212350D21E0093A2EA /* Tableview cells */,
				75E92D1C2350BC3F0093A2EA /* Data models */,
				753B29C7234F845600C371F0 /* Scenes */,
				753B2997234F83A300C371F0 /* AppDelegate.swift */,
				753B2999234F83A300C371F0 /* SceneDelegate.swift */,
				753B299B234F83A300C371F0 /* ViewController.swift */,
				753B299D234F83A300C371F0 /* Main.storyboard */,
				753B29A0234F83A400C371F0 /* Assets.xcassets */,
				753B29A2234F83A400C371F0 /* LaunchScreen.storyboard */,
				753B29A5234F83A400C371F0 /* Info.plist */,
			);
			path = CleanAppOldUI;
			sourceTree = "<group>";
		};
		753B29AD234F83A400C371F0 /* CleanAppOldUITests */ = {
			isa = PBXGroup;
			children = (
				753B29B0234F83A400C371F0 /* Info.plist */,
			);
			path = CleanAppOldUITests;
			sourceTree = "<group>";
		};
		753B29B8234F83A400C371F0 /* CleanAppOldUIUITests */ = {
			isa = PBXGroup;
			children = (
				753B29BB234F83A500C371F0 /* Info.plist */,
			);
			path = CleanAppOldUIUITests;
			sourceTree = "<group>";
		};
		753B29C7234F845600C371F0 /* Scenes */ = {
			isa = PBXGroup;
			children = (
				75E574FF234F88B7005BF109 /* ListOrdersPresenter.swift */,
				75E57500234F88B7005BF109 /* ListOrdersWorker.swift */,
				75E57501234F88B7005BF109 /* ListOrdersRouter.swift */,
				75E57502234F88B7005BF109 /* ListOrdersModels.swift */,
				75E57503234F88B7005BF109 /* ListOrdersViewController.swift */,
				75E57504234F88B7005BF109 /* ListOrdersInteractor.swift */,
			);
			path = Scenes;
			sourceTree = "<group>";
		};
		75E92D1C2350BC3F0093A2EA /* Data models */ = {
			isa = PBXGroup;
			children = (
				75E92D1D2350BC5E0093A2EA /* Product.swift */,
			);
			path = "Data models";
			sourceTree = "<group>";
		};
		75E92D212350D21E0093A2EA /* Tableview cells */ = {
			isa = PBXGroup;
			children = (
				75E92D222350D22F0093A2EA /* ProductTableViewCell.swift */,
			);
			path = "Tableview cells";
			sourceTree = "<group>";
		};
/* End PBXGroup section */

/* Begin PBXNativeTarget section */
		753B2993234F83A300C371F0 /* CleanAppOldUI */ = {
			isa = PBXNativeTarget;
			buildConfigurationList = 753B29BE234F83A500C371F0 /* Build configuration list for PBXNativeTarget "CleanAppOldUI" */;
			buildPhases = (
				753B2990234F83A300C371F0 /* Sources */,
				753B2991234F83A300C371F0 /* Frameworks */,
				753B2992234F83A300C371F0 /* Resources */,
			);
			buildRules = (
			);
			dependencies = (
			);
			name = CleanAppOldUI;
			productName = CleanAppOldUI;
			productReference = 753B2994234F83A300C371F0 /* CleanAppOldUI.app */;
			productType = "com.apple.product-type.application";
		};
		753B29A9234F83A400C371F0 /* CleanAppOldUITests */ = {
			isa = PBXNativeTarget;
			buildConfigurationList = 753B29C1234F83A500C371F0 /* Build configuration list for PBXNativeTarget "CleanAppOldUITests" */;
			buildPhases = (
				753B29A6234F83A400C371F0 /* Sources */,
				753B29A7234F83A400C371F0 /* Frameworks */,
				753B29A8234F83A400C371F0 /* Resources */,
			);
			buildRules = (
			);
			dependencies = (
				753B29AC234F83A400C371F0 /* PBXTargetDependency */,
			);
			name = CleanAppOldUITests;
			productName = CleanAppOldUITests;
			productReference = 753B29AA234F83A400C371F0 /* CleanAppOldUITests.xctest */;
			productType = "com.apple.product-type.bundle.unit-test";
		};
		753B29B4234F83A400C371F0 /* CleanAppOldUIUITests */ = {
			isa = PBXNativeTarget;
			buildConfigurationList = 753B29C4234F83A500C371F0 /* Build configuration list for PBXNativeTarget "CleanAppOldUIUITests" */;
			buildPhases = (
				753B29B1234F83A400C371F0 /* Sources */,
				753B29B2234F83A400C371F0 /* Frameworks */,
				753B29B3234F83A400C371F0 /* Resources */,
			);
			buildRules = (
			);
			dependencies = (
				753B29B7234F83A400C371F0 /* PBXTargetDependency */,
			);
			name = CleanAppOldUIUITests;
			productName = CleanAppOldUIUITests;
			productReference = 753B29B5234F83A400C371F0 /* CleanAppOldUIUITests.xctest */;
			productType = "com.apple.product-type.bundle.ui-testing";
		};
/* End PBXNativeTarget section */

/* Begin PBXProject section */
		753B298C234F83A300C371F0 /* Project object */ = {
			isa = PBXProject;
			attributes = {
				LastSwiftUpdateCheck = 1110;
				LastUpgradeCheck = 1110;
				ORGANIZATIONNAME = "Ricardo Ruiz";
				TargetAttributes = {
					753B2993234F83A300C371F0 = {
						CreatedOnToolsVersion = 11.1;
					};
					753B29A9234F83A400C371F0 = {
						CreatedOnToolsVersion = 11.1;
						TestTargetID = 753B2993234F83A300C371F0;
					};
					753B29B4234F83A400C371F0 = {
						CreatedOnToolsVersion = 11.1;
						TestTargetID = 753B2993234F83A300C371F0;
					};
				};
			};
			buildConfigurationList = 753B298F234F83A300C371F0 /* Build configuration list for PBXProject "CleanAppOldUI" */;
			compatibilityVersion = "Xcode 9.3";
			developmentRegion = en;
			hasScannedForEncodings = 0;
			knownRegions = (
				en,
				Base,
			);
			mainGroup = 753B298B234F83A300C371F0;
			productRefGroup = 753B2995234F83A300C371F0 /* Products */;
			projectDirPath = "";
			projectRoot = "";
			targets = (
				753B2993234F83A300C371F0 /* CleanAppOldUI */,
				753B29A9234F83A400C371F0 /* CleanAppOldUITests */,
				753B29B4234F83A400C371F0 /* CleanAppOldUIUITests */,
			);
		};
/* End PBXProject section */

/* Begin PBXResourcesBuildPhase section */
		753B2992234F83A300C371F0 /* Resources */ = {
			isa = PBXResourcesBuildPhase;
			buildActionMask = 2147483647;
			files = (
				753B29A4234F83A400C371F0 /* LaunchScreen.storyboard in Resources */,
				753B29A1234F83A400C371F0 /* Assets.xcassets in Resources */,
				753B299F234F83A300C371F0 /* Main.storyboard in Resources */,
			);
			runOnlyForDeploymentPostprocessing = 0;
		};
		753B29A8234F83A400C371F0 /* Resources */ = {
			isa = PBXResourcesBuildPhase;
			buildActionMask = 2147483647;
			files = (
			);
			runOnlyForDeploymentPostprocessing = 0;
		};
		753B29B3234F83A400C371F0 /* Resources */ = {
			isa = PBXResourcesBuildPhase;
			buildActionMask = 2147483647;
			files = (
			);
			runOnlyForDeploymentPostprocessing = 0;
		};
/* End PBXResourcesBuildPhase section */

/* Begin PBXSourcesBuildPhase section */
		753B2990234F83A300C371F0 /* Sources */ = {
			isa = PBXSourcesBuildPhase;
			buildActionMask = 2147483647;
			files = (
				75E57508234F88B7005BF109 /* ListOrdersWorker.swift in Sources */,
				753B299C234F83A300C371F0 /* ViewController.swift in Sources */,
				753B2998234F83A300C371F0 /* AppDelegate.swift in Sources */,
				75E57511234F88B7005BF109 /* ListOrdersViewController.swift in Sources */,
				753B299A234F83A300C371F0 /* SceneDelegate.swift in Sources */,
				75E57514234F88B7005BF109 /* ListOrdersInteractor.swift in Sources */,
				75E5750E234F88B7005BF109 /* ListOrdersModels.swift in Sources */,
				75E92D232350D22F0093A2EA /* ProductTableViewCell.swift in Sources */,
				75E92D1E2350BC5F0093A2EA /* Product.swift in Sources */,
				75E57505234F88B7005BF109 /* ListOrdersPresenter.swift in Sources */,
				75E5750B234F88B7005BF109 /* ListOrdersRouter.swift in Sources */,
			);
			runOnlyForDeploymentPostprocessing = 0;
		};
		753B29A6234F83A400C371F0 /* Sources */ = {
			isa = PBXSourcesBuildPhase;
			buildActionMask = 2147483647;
			files = (
				75E5750F234F88B7005BF109 /* ListOrdersModels.swift in Sources */,
				75E92D242350D22F0093A2EA /* ProductTableViewCell.swift in Sources */,
				75E57509234F88B7005BF109 /* ListOrdersWorker.swift in Sources */,
				75E57512234F88B7005BF109 /* ListOrdersViewController.swift in Sources */,
				75E57506234F88B7005BF109 /* ListOrdersPresenter.swift in Sources */,
				75E5750C234F88B7005BF109 /* ListOrdersRouter.swift in Sources */,
				75E57515234F88B7005BF109 /* ListOrdersInteractor.swift in Sources */,
				75E92D1F2350BC5F0093A2EA /* Product.swift in Sources */,
			);
			runOnlyForDeploymentPostprocessing = 0;
		};
		753B29B1234F83A400C371F0 /* Sources */ = {
			isa = PBXSourcesBuildPhase;
			buildActionMask = 2147483647;
			files = (
				75E57510234F88B7005BF109 /* ListOrdersModels.swift in Sources */,
				75E92D252350D22F0093A2EA /* ProductTableViewCell.swift in Sources */,
				75E5750A234F88B7005BF109 /* ListOrdersWorker.swift in Sources */,
				75E57513234F88B7005BF109 /* ListOrdersViewController.swift in Sources */,
				75E57507234F88B7005BF109 /* ListOrdersPresenter.swift in Sources */,
				75E5750D234F88B7005BF109 /* ListOrdersRouter.swift in Sources */,
				75E57516234F88B7005BF109 /* ListOrdersInteractor.swift in Sources */,
				75E92D202350BC5F0093A2EA /* Product.swift in Sources */,
			);
			runOnlyForDeploymentPostprocessing = 0;
		};
/* End PBXSourcesBuildPhase section */

/* Begin PBXTargetDependency section */
		753B29AC234F83A400C371F0 /* PBXTargetDependency */ = {
			isa = PBXTargetDependency;
			target = 753B2993234F83A300C371F0 /* CleanAppOldUI */;
			targetProxy = 753B29AB234F83A400C371F0 /* PBXContainerItemProxy */;
		};
		753B29B7234F83A400C371F0 /* PBXTargetDependency */ = {
			isa = PBXTargetDependency;
			target = 753B2993234F83A300C371F0 /* CleanAppOldUI */;
			targetProxy = 753B29B6234F83A400C371F0 /* PBXContainerItemProxy */;
		};
/* End PBXTargetDependency section */

/* Begin PBXVariantGroup section */
		753B299D234F83A300C371F0 /* Main.storyboard */ = {
			isa = PBXVariantGroup;
			children = (
				753B299E234F83A300C371F0 /* Base */,
			);
			name = Main.storyboard;
			sourceTree = "<group>";
		};
		753B29A2234F83A400C371F0 /* LaunchScreen.storyboard */ = {
			isa = PBXVariantGroup;
			children = (
				753B29A3234F83A400C371F0 /* Base */,
			);
			name = LaunchScreen.storyboard;
			sourceTree = "<group>";
		};
/* End PBXVariantGroup section */

/* Begin XCBuildConfiguration section */
		753B29BC234F83A500C371F0 /* Debug */ = {
			isa = XCBuildConfiguration;
			buildSettings = {
				ALWAYS_SEARCH_USER_PATHS = NO;
				CLANG_ANALYZER_NONNULL = YES;
				CLANG_ANALYZER_NUMBER_OBJECT_CONVERSION = YES_AGGRESSIVE;
				CLANG_CXX_LANGUAGE_STANDARD = "gnu++14";
				CLANG_CXX_LIBRARY = "libc++";
				CLANG_ENABLE_MODULES = YES;
				CLANG_ENABLE_OBJC_ARC = YES;
				CLANG_ENABLE_OBJC_WEAK = YES;
				CLANG_WARN_BLOCK_CAPTURE_AUTORELEASING = YES;
				CLANG_WARN_BOOL_CONVERSION = YES;
				CLANG_WARN_COMMA = YES;
				CLANG_WARN_CONSTANT_CONVERSION = YES;
				CLANG_WARN_DEPRECATED_OBJC_IMPLEMENTATIONS = YES;
				CLANG_WARN_DIRECT_OBJC_ISA_USAGE = YES_ERROR;
				CLANG_WARN_DOCUMENTATION_COMMENTS = YES;
				CLANG_WARN_EMPTY_BODY = YES;
				CLANG_WARN_ENUM_CONVERSION = YES;
				CLANG_WARN_INFINITE_RECURSION = YES;
				CLANG_WARN_INT_CONVERSION = YES;
				CLANG_WARN_NON_LITERAL_NULL_CONVERSION = YES;
				CLANG_WARN_OBJC_IMPLICIT_RETAIN_SELF = YES;
				CLANG_WARN_OBJC_LITERAL_CONVERSION = YES;
				CLANG_WARN_OBJC_ROOT_CLASS = YES_ERROR;
				CLANG_WARN_RANGE_LOOP_ANALYSIS = YES;
				CLANG_WARN_STRICT_PROTOTYPES = YES;
				CLANG_WARN_SUSPICIOUS_MOVE = YES;
				CLANG_WARN_UNGUARDED_AVAILABILITY = YES_AGGRESSIVE;
				CLANG_WARN_UNREACHABLE_CODE = YES;
				CLANG_WARN__DUPLICATE_METHOD_MATCH = YES;
				COPY_PHASE_STRIP = NO;
				DEBUG_INFORMATION_FORMAT = dwarf;
				ENABLE_STRICT_OBJC_MSGSEND = YES;
				ENABLE_TESTABILITY = YES;
				GCC_C_LANGUAGE_STANDARD = gnu11;
				GCC_DYNAMIC_NO_PIC = NO;
				GCC_NO_COMMON_BLOCKS = YES;
				GCC_OPTIMIZATION_LEVEL = 0;
				GCC_PREPROCESSOR_DEFINITIONS = (
					"DEBUG=1",
					"$(inherited)",
				);
				GCC_WARN_64_TO_32_BIT_CONVERSION = YES;
				GCC_WARN_ABOUT_RETURN_TYPE = YES_ERROR;
				GCC_WARN_UNDECLARED_SELECTOR = YES;
				GCC_WARN_UNINITIALIZED_AUTOS = YES_AGGRESSIVE;
				GCC_WARN_UNUSED_FUNCTION = YES;
				GCC_WARN_UNUSED_VARIABLE = YES;
				IPHONEOS_DEPLOYMENT_TARGET = 13.1;
				MTL_ENABLE_DEBUG_INFO = INCLUDE_SOURCE;
				MTL_FAST_MATH = YES;
				ONLY_ACTIVE_ARCH = YES;
				SDKROOT = iphoneos;
				SWIFT_ACTIVE_COMPILATION_CONDITIONS = DEBUG;
				SWIFT_OPTIMIZATION_LEVEL = "-Onone";
			};
			name = Debug;
		};
		753B29BD234F83A500C371F0 /* Release */ = {
			isa = XCBuildConfiguration;
			buildSettings = {
				ALWAYS_SEARCH_USER_PATHS = NO;
				CLANG_ANALYZER_NONNULL = YES;
				CLANG_ANALYZER_NUMBER_OBJECT_CONVERSION = YES_AGGRESSIVE;
				CLANG_CXX_LANGUAGE_STANDARD = "gnu++14";
				CLANG_CXX_LIBRARY = "libc++";
				CLANG_ENABLE_MODULES = YES;
				CLANG_ENABLE_OBJC_ARC = YES;
				CLANG_ENABLE_OBJC_WEAK = YES;
				CLANG_WARN_BLOCK_CAPTURE_AUTORELEASING = YES;
				CLANG_WARN_BOOL_CONVERSION = YES;
				CLANG_WARN_COMMA = YES;
				CLANG_WARN_CONSTANT_CONVERSION = YES;
				CLANG_WARN_DEPRECATED_OBJC_IMPLEMENTATIONS = YES;
				CLANG_WARN_DIRECT_OBJC_ISA_USAGE = YES_ERROR;
				CLANG_WARN_DOCUMENTATION_COMMENTS = YES;
				CLANG_WARN_EMPTY_BODY = YES;
				CLANG_WARN_ENUM_CONVERSION = YES;
				CLANG_WARN_INFINITE_RECURSION = YES;
				CLANG_WARN_INT_CONVERSION = YES;
				CLANG_WARN_NON_LITERAL_NULL_CONVERSION = YES;
				CLANG_WARN_OBJC_IMPLICIT_RETAIN_SELF = YES;
				CLANG_WARN_OBJC_LITERAL_CONVERSION = YES;
				CLANG_WARN_OBJC_ROOT_CLASS = YES_ERROR;
				CLANG_WARN_RANGE_LOOP_ANALYSIS = YES;
				CLANG_WARN_STRICT_PROTOTYPES = YES;
				CLANG_WARN_SUSPICIOUS_MOVE = YES;
				CLANG_WARN_UNGUARDED_AVAILABILITY = YES_AGGRESSIVE;
				CLANG_WARN_UNREACHABLE_CODE = YES;
				CLANG_WARN__DUPLICATE_METHOD_MATCH = YES;
				COPY_PHASE_STRIP = NO;
				DEBUG_INFORMATION_FORMAT = "dwarf-with-dsym";
				ENABLE_NS_ASSERTIONS = NO;
				ENABLE_STRICT_OBJC_MSGSEND = YES;
				GCC_C_LANGUAGE_STANDARD = gnu11;
				GCC_NO_COMMON_BLOCKS = YES;
				GCC_WARN_64_TO_32_BIT_CONVERSION = YES;
				GCC_WARN_ABOUT_RETURN_TYPE = YES_ERROR;
				GCC_WARN_UNDECLARED_SELECTOR = YES;
				GCC_WARN_UNINITIALIZED_AUTOS = YES_AGGRESSIVE;
				GCC_WARN_UNUSED_FUNCTION = YES;
				GCC_WARN_UNUSED_VARIABLE = YES;
				IPHONEOS_DEPLOYMENT_TARGET = 13.1;
				MTL_ENABLE_DEBUG_INFO = NO;
				MTL_FAST_MATH = YES;
				SDKROOT = iphoneos;
				SWIFT_COMPILATION_MODE = wholemodule;
				SWIFT_OPTIMIZATION_LEVEL = "-O";
				VALIDATE_PRODUCT = YES;
			};
			name = Release;
		};
		753B29BF234F83A500C371F0 /* Debug */ = {
			isa = XCBuildConfiguration;
			buildSettings = {
				ASSETCATALOG_COMPILER_APPICON_NAME = AppIcon;
				CODE_SIGN_STYLE = Automatic;
				INFOPLIST_FILE = CleanAppOldUI/Info.plist;
				LD_RUNPATH_SEARCH_PATHS = (
					"$(inherited)",
					"@executable_path/Frameworks",
				);
				PRODUCT_BUNDLE_IDENTIFIER = ricardoruiz.CleanAppOldUI;
				PRODUCT_NAME = "$(TARGET_NAME)";
				SWIFT_VERSION = 5.0;
				TARGETED_DEVICE_FAMILY = "1,2";
			};
			name = Debug;
		};
		753B29C0234F83A500C371F0 /* Release */ = {
			isa = XCBuildConfiguration;
			buildSettings = {
				ASSETCATALOG_COMPILER_APPICON_NAME = AppIcon;
				CODE_SIGN_STYLE = Automatic;
				INFOPLIST_FILE = CleanAppOldUI/Info.plist;
				LD_RUNPATH_SEARCH_PATHS = (
					"$(inherited)",
					"@executable_path/Frameworks",
				);
				PRODUCT_BUNDLE_IDENTIFIER = ricardoruiz.CleanAppOldUI;
				PRODUCT_NAME = "$(TARGET_NAME)";
				SWIFT_VERSION = 5.0;
				TARGETED_DEVICE_FAMILY = "1,2";
			};
			name = Release;
		};
		753B29C2234F83A500C371F0 /* Debug */ = {
			isa = XCBuildConfiguration;
			buildSettings = {
				ALWAYS_EMBED_SWIFT_STANDARD_LIBRARIES = YES;
				BUNDLE_LOADER = "$(TEST_HOST)";
				CODE_SIGN_STYLE = Automatic;
				INFOPLIST_FILE = CleanAppOldUITests/Info.plist;
				IPHONEOS_DEPLOYMENT_TARGET = 13.1;
				LD_RUNPATH_SEARCH_PATHS = (
					"$(inherited)",
					"@executable_path/Frameworks",
					"@loader_path/Frameworks",
				);
				PRODUCT_BUNDLE_IDENTIFIER = ricardoruiz.CleanAppOldUITests;
				PRODUCT_NAME = "$(TARGET_NAME)";
				SWIFT_VERSION = 5.0;
				TARGETED_DEVICE_FAMILY = "1,2";
				TEST_HOST = "$(BUILT_PRODUCTS_DIR)/CleanAppOldUI.app/CleanAppOldUI";
			};
			name = Debug;
		};
		753B29C3234F83A500C371F0 /* Release */ = {
			isa = XCBuildConfiguration;
			buildSettings = {
				ALWAYS_EMBED_SWIFT_STANDARD_LIBRARIES = YES;
				BUNDLE_LOADER = "$(TEST_HOST)";
				CODE_SIGN_STYLE = Automatic;
				INFOPLIST_FILE = CleanAppOldUITests/Info.plist;
				IPHONEOS_DEPLOYMENT_TARGET = 13.1;
				LD_RUNPATH_SEARCH_PATHS = (
					"$(inherited)",
					"@executable_path/Frameworks",
					"@loader_path/Frameworks",
				);
				PRODUCT_BUNDLE_IDENTIFIER = ricardoruiz.CleanAppOldUITests;
				PRODUCT_NAME = "$(TARGET_NAME)";
				SWIFT_VERSION = 5.0;
				TARGETED_DEVICE_FAMILY = "1,2";
				TEST_HOST = "$(BUILT_PRODUCTS_DIR)/CleanAppOldUI.app/CleanAppOldUI";
			};
			name = Release;
		};
		753B29C5234F83A500C371F0 /* Debug */ = {
			isa = XCBuildConfiguration;
			buildSettings = {
				ALWAYS_EMBED_SWIFT_STANDARD_LIBRARIES = YES;
				CODE_SIGN_STYLE = Automatic;
				INFOPLIST_FILE = CleanAppOldUIUITests/Info.plist;
				LD_RUNPATH_SEARCH_PATHS = (
					"$(inherited)",
					"@executable_path/Frameworks",
					"@loader_path/Frameworks",
				);
				PRODUCT_BUNDLE_IDENTIFIER = ricardoruiz.CleanAppOldUIUITests;
				PRODUCT_NAME = "$(TARGET_NAME)";
				SWIFT_VERSION = 5.0;
				TARGETED_DEVICE_FAMILY = "1,2";
				TEST_TARGET_NAME = CleanAppOldUI;
			};
			name = Debug;
		};
		753B29C6234F83A500C371F0 /* Release */ = {
			isa = XCBuildConfiguration;
			buildSettings = {
				ALWAYS_EMBED_SWIFT_STANDARD_LIBRARIES = YES;
				CODE_SIGN_STYLE = Automatic;
				INFOPLIST_FILE = CleanAppOldUIUITests/Info.plist;
				LD_RUNPATH_SEARCH_PATHS = (
					"$(inherited)",
					"@executable_path/Frameworks",
					"@loader_path/Frameworks",
				);
				PRODUCT_BUNDLE_IDENTIFIER = ricardoruiz.CleanAppOldUIUITests;
				PRODUCT_NAME = "$(TARGET_NAME)";
				SWIFT_VERSION = 5.0;
				TARGETED_DEVICE_FAMILY = "1,2";
				TEST_TARGET_NAME = CleanAppOldUI;
			};
			name = Release;
		};
/* End XCBuildConfiguration section */

/* Begin XCConfigurationList section */
		753B298F234F83A300C371F0 /* Build configuration list for PBXProject "CleanAppOldUI" */ = {
			isa = XCConfigurationList;
			buildConfigurations = (
				753B29BC234F83A500C371F0 /* Debug */,
				753B29BD234F83A500C371F0 /* Release */,
			);
			defaultConfigurationIsVisible = 0;
			defaultConfigurationName = Release;
		};
		753B29BE234F83A500C371F0 /* Build configuration list for PBXNativeTarget "CleanAppOldUI" */ = {
			isa = XCConfigurationList;
			buildConfigurations = (
				753B29BF234F83A500C371F0 /* Debug */,
				753B29C0234F83A500C371F0 /* Release */,
			);
			defaultConfigurationIsVisible = 0;
			defaultConfigurationName = Release;
		};
		753B29C1234F83A500C371F0 /* Build configuration list for PBXNativeTarget "CleanAppOldUITests" */ = {
			isa = XCConfigurationList;
			buildConfigurations = (
				753B29C2234F83A500C371F0 /* Debug */,
				753B29C3234F83A500C371F0 /* Release */,
			);
			defaultConfigurationIsVisible = 0;
			defaultConfigurationName = Release;
		};
		753B29C4234F83A500C371F0 /* Build configuration list for PBXNativeTarget "CleanAppOldUIUITests" */ = {
			isa = XCConfigurationList;
			buildConfigurations = (
				753B29C5234F83A500C371F0 /* Debug */,
				753B29C6234F83A500C371F0 /* Release */,
			);
			defaultConfigurationIsVisible = 0;
			defaultConfigurationName = Release;
		};
/* End XCConfigurationList section */
	};
	rootObject = 753B298C234F83A300C371F0 /* Project object */;
}
